
Microsoft Visual Studio Solution File, Format Version 12.00
# Visual Studio Version 17
VisualStudioVersion = 17.11.35327.3
MinimumVisualStudioVersion = 10.0.40219.1
Project("{FAE04EC0-301F-11D3-BF4B-00C04F79EFBC}") = "Question1", "October19Assignment\Question1.csproj", "{2B590F03-A283-47A9-A0EF-D88CD4C9D70D}"
EndProject
Project("{FAE04EC0-301F-11D3-BF4B-00C04F79EFBC}") = "Question2", "Question2\Question2.csproj", "{C00631AA-3C6B-4B8F-A9F1-1087E304BC0A}"
EndProject
Project("{FAE04EC0-301F-11D3-BF4B-00C04F79EFBC}") = "Question - 03", "Question - 03\Question - 03.csproj", "{7E390A31-9065-4515-9F5D-368F01CF70EE}"
EndProject
Project("{FAE04EC0-301F-11D3-BF4B-00C04F79EFBC}") = "Question4", "Question4\Question4.csproj", "{4A736C9E-D536-4CF7-AD04-79C039125EA6}"
EndProject
Project("{FAE04EC0-301F-11D3-BF4B-00C04F79EFBC}") = "Question5", "Question5\Question5.csproj", "{C96F9D12-0320-407E-A1B0-AE477CFB32B4}"
EndProject
Global
	GlobalSection(SolutionConfigurationPlatforms) = preSolution
		Debug|Any CPU = Debug|Any CPU
		Release|Any CPU = Release|Any CPU
	EndGlobalSection
	GlobalSection(ProjectConfigurationPlatforms) = postSolution
		{2B590F03-A283-47A9-A0EF-D88CD4C9D70D}.Debug|Any CPU.ActiveCfg = Debug|Any CPU
		{2B590F03-A283-47A9-A0EF-D88CD4C9D70D}.Debug|Any CPU.Build.0 = Debug|Any CPU
		{2B590F03-A283-47A9-A0EF-D88CD4C9D70D}.Release|Any CPU.ActiveCfg = Release|Any CPU
		{2B590F03-A283-47A9-A0EF-D88CD4C9D70D}.Release|Any CPU.Build.0 = Release|Any CPU
		{C00631AA-3C6B-4B8F-A9F1-1087E304BC0A}.Debug|Any CPU.ActiveCfg = Debug|Any CPU
		{C00631AA-3C6B-4B8F-A9F1-1087E304BC0A}.Debug|Any CPU.Build.0 = Debug|Any CPU
		{C00631AA-3C6B-4B8F-A9F1-1087E304BC0A}.Release|Any CPU.ActiveCfg = Release|Any CPU
		{C00631AA-3C6B-4B8F-A9F1-1087E304BC0A}.Release|Any CPU.Build.0 = Release|Any CPU
		{7E390A31-9065-4515-9F5D-368F01CF70EE}.Debug|Any CPU.ActiveCfg = Debug|Any CPU
		{7E390A31-9065-4515-9F5D-368F01CF70EE}.Debug|Any CPU.Build.0 = Debug|Any CPU
		{7E390A31-9065-4515-9F5D-368F01CF70EE}.Release|Any CPU.ActiveCfg = Release|Any CPU
		{7E390A31-9065-4515-9F5D-368F01CF70EE}.Release|Any CPU.Build.0 = Release|Any CPU
		{4A736C9E-D536-4CF7-AD04-79C039125EA6}.Debug|Any CPU.ActiveCfg = Debug|Any CPU
		{4A736C9E-D536-4CF7-AD04-79C039125EA6}.Debug|Any CPU.Build.0 = Debug|Any CPU
		{4A736C9E-D536-4CF7-AD04-79C039125EA6}.Release|Any CPU.ActiveCfg = Release|Any CPU
		{4A736C9E-D536-4CF7-AD04-79C039125EA6}.Release|Any CPU.Build.0 = Release|Any CPU
		{C96F9D12-0320-407E-A1B0-AE477CFB32B4}.Debug|Any CPU.ActiveCfg = Debug|Any CPU
		{C96F9D12-0320-407E-A1B0-AE477CFB32B4}.Debug|Any CPU.Build.0 = Debug|Any CPU
		{C96F9D12-0320-407E-A1B0-AE477CFB32B4}.Release|Any CPU.ActiveCfg = Release|Any CPU
		{C96F9D12-0320-407E-A1B0-AE477CFB32B4}.Release|Any CPU.Build.0 = Release|Any CPU
	EndGlobalSection
	GlobalSection(SolutionProperties) = preSolution
		HideSolutionNode = FALSE
	EndGlobalSection
	GlobalSection(ExtensibilityGlobals) = postSolution
		SolutionGuid = {EA2B9F9C-9AA8-4C8E-8752-9C963D55870F}
	EndGlobalSection
EndGlobal
